
Microsoft Visual Studio Solution File, Format Version 12.00
# Visual Studio Version 17
VisualStudioVersion = 17.5.33424.131
MinimumVisualStudioVersion = 10.0.40219.1
Project("{FAE04EC0-301F-11D3-BF4B-00C04F79EFBC}") = "WeekdayOrWeekend", "WeekdayOrWeekend\WeekdayOrWeekend.csproj", "{E977502A-CCC7-4EDB-B344-BB33F820D92E}"
EndProject
Global
	GlobalSection(SolutionConfigurationPlatforms) = preSolution
		Debug|Any CPU = Debug|Any CPU
		Release|Any CPU = Release|Any CPU
	EndGlobalSection
	GlobalSection(ProjectConfigurationPlatforms) = postSolution
		{E977502A-CCC7-4EDB-B344-BB33F820D92E}.Debug|Any CPU.ActiveCfg = Debug|Any CPU
		{E977502A-CCC7-4EDB-B344-BB33F820D92E}.Debug|Any CPU.Build.0 = Debug|Any CPU
		{E977502A-CCC7-4EDB-B344-BB33F820D92E}.Release|Any CPU.ActiveCfg = Release|Any CPU
		{E977502A-CCC7-4EDB-B344-BB33F820D92E}.Release|Any CPU.Build.0 = Release|Any CPU
	EndGlobalSection
	GlobalSection(SolutionProperties) = preSolution
		HideSolutionNode = FALSE
	EndGlobalSection
	GlobalSection(ExtensibilityGlobals) = postSolution
		SolutionGuid = {35694FFF-040D-4758-9F69-E8C2C0225314}
	EndGlobalSection
EndGlobal
